<?xml version="1.0" encoding="utf-8"?>
<Project ToolsVersion="4.0" xmlns="http://schemas.microsoft.com/developer/msbuild/2003">
  <ItemGroup>
    <Filter Include="src">
      <UniqueIdentifier>{52fd4c90-8114-4514-a1a2-70b45de4c176}</UniqueIdentifier>
    </Filter>
    <Filter Include="res">
      <UniqueIdentifier>{34afaa60-ada2-4e18-a805-74c48c6fc7c9}</UniqueIdentifier>
    </Filter>
    <Filter Include="src\arxclock">
      <UniqueIdentifier>{1b6b9efc-76f5-4a81-83ac-eff9262eb05a}</UniqueIdentifier>
    </Filter>
    <Filter Include="src\arxclock\gui">
      <UniqueIdentifier>{e2e1a682-dbea-45d7-8a19-a56ea78f710a}</UniqueIdentifier>
    </Filter>
  </ItemGroup>
  <ItemGroup>
    <ClInclude Include="..\src\config.h">
      <Filter>src</Filter>
    </ClInclude>
    <ClInclude Include="..\src\arxclock\Alarm.h">
      <Filter>src\arxclock</Filter>
    </ClInclude>
    <ClInclude Include="..\src\arxclock\AlarmManager.h">
      <Filter>src\arxclock</Filter>
    </ClInclude>
    <ClInclude Include="..\src\arxclock\config.h">
      <Filter>src\arxclock</Filter>
    </ClInclude>
    <ClInclude Include="..\src\arxclock\Daemon.h">
      <Filter>src\arxclock</Filter>
    </ClInclude>
    <ClInclude Include="..\src\arxclock\Sound.h">
      <Filter>src\arxclock</Filter>
    </ClInclude>
    <ClInclude Include="..\src\arxclock\Utility.h">
      <Filter>src\arxclock</Filter>
    </ClInclude>
    <ClInclude Include="..\src\arxclock\AlarmParamsDialog.h">
      <Filter>src\arxclock\gui</Filter>
    </ClInclude>
    <ClInclude Include="..\src\arxclock\MainWidget.h">
      <Filter>src\arxclock\gui</Filter>
    </ClInclude>
    <ClInclude Include="..\src\arxclock\RingWidget.h">
      <Filter>src\arxclock\gui</Filter>
    </ClInclude>
    <ClInclude Include="..\src\arxclock\SnoozeDialog.h">
      <Filter>src\arxclock\gui</Filter>
    </ClInclude>
  </ItemGroup>
  <ItemGroup>
    <ClCompile Include="..\src\arxclock.cpp">
      <Filter>src</Filter>
    </ClCompile>
    <ClCompile Include="..\src\arxclock\Daemon.cpp">
      <Filter>src\arxclock</Filter>
    </ClCompile>
    <ClCompile Include="..\src\arxclock\Sound.cpp">
      <Filter>src\arxclock</Filter>
    </ClCompile>
    <ClCompile Include="..\src\arxclock\AlarmParamsDialog.cpp">
      <Filter>src\arxclock\gui</Filter>
    </ClCompile>
    <ClCompile Include="..\src\arxclock\MainWidget.cpp">
      <Filter>src\arxclock\gui</Filter>
    </ClCompile>
    <ClCompile Include="..\src\arxclock\RingWidget.cpp">
      <Filter>src\arxclock\gui</Filter>
    </ClCompile>
    <ClCompile Include="..\src\arxclock\SnoozeDialog.cpp">
      <Filter>src\arxclock\gui</Filter>
    </ClCompile>
  </ItemGroup>
  <ItemGroup>
    <None Include="..\HISTORY" />
    <None Include="..\res\arxclock.qrc">
      <Filter>res</Filter>
    </None>
    <None Include="..\arxclock.pro" />
  </ItemGroup>
</Project>